
Microsoft Visual Studio Solution File, Format Version 12.00
# Visual Studio Version 17
VisualStudioVersion = 17.0.32014.148
MinimumVisualStudioVersion = 10.0.40219.1
Project("{FAE04EC0-301F-11D3-BF4B-00C04F79EFBC}") = "ChessProject", "ChessProject\ChessProject.csproj", "{C6147EC8-0A1B-46B6-A23F-90612A8AADB0}"
EndProject
Global
	GlobalSection(SolutionConfigurationPlatforms) = preSolution
		Debug|Any CPU = Debug|Any CPU
		Release|Any CPU = Release|Any CPU
	EndGlobalSection
	GlobalSection(ProjectConfigurationPlatforms) = postSolution
		{C6147EC8-0A1B-46B6-A23F-90612A8AADB0}.Debug|Any CPU.ActiveCfg = Debug|Any CPU
		{C6147EC8-0A1B-46B6-A23F-90612A8AADB0}.Debug|Any CPU.Build.0 = Debug|Any CPU
		{C6147EC8-0A1B-46B6-A23F-90612A8AADB0}.Release|Any CPU.ActiveCfg = Release|Any CPU
		{C6147EC8-0A1B-46B6-A23F-90612A8AADB0}.Release|Any CPU.Build.0 = Release|Any CPU
	EndGlobalSection
	GlobalSection(SolutionProperties) = preSolution
		HideSolutionNode = FALSE
	EndGlobalSection
	GlobalSection(ExtensibilityGlobals) = postSolution
		SolutionGuid = {870EA7A3-4ED6-41B2-BAB6-E225AB95EE09}
	EndGlobalSection
EndGlobal
